
Microsoft Visual Studio Solution File, Format Version 12.00
# Visual Studio Version 17
VisualStudioVersion = 17.5.33424.131
MinimumVisualStudioVersion = 10.0.40219.1
Project("{FAE04EC0-301F-11D3-BF4B-00C04F79EFBC}") = "GestaoEquipamentos.ConsoleApp", "GestaoEquipamentos.ConsoleApp\GestaoEquipamentos.ConsoleApp.csproj", "{042DA36B-3459-475C-8961-D64D56F745EF}"
EndProject
Global
	GlobalSection(SolutionConfigurationPlatforms) = preSolution
		Debug|Any CPU = Debug|Any CPU
		Release|Any CPU = Release|Any CPU
	EndGlobalSection
	GlobalSection(ProjectConfigurationPlatforms) = postSolution
		{042DA36B-3459-475C-8961-D64D56F745EF}.Debug|Any CPU.ActiveCfg = Debug|Any CPU
		{042DA36B-3459-475C-8961-D64D56F745EF}.Debug|Any CPU.Build.0 = Debug|Any CPU
		{042DA36B-3459-475C-8961-D64D56F745EF}.Release|Any CPU.ActiveCfg = Release|Any CPU
		{042DA36B-3459-475C-8961-D64D56F745EF}.Release|Any CPU.Build.0 = Release|Any CPU
	EndGlobalSection
	GlobalSection(SolutionProperties) = preSolution
		HideSolutionNode = FALSE
	EndGlobalSection
	GlobalSection(ExtensibilityGlobals) = postSolution
		SolutionGuid = {79ADDD2E-A6D2-49BF-8179-0835AF596C7A}
	EndGlobalSection
EndGlobal
